
Microsoft Visual Studio Solution File, Format Version 12.00
# Visual Studio Version 16
VisualStudioVersion = 16.0.29905.134
MinimumVisualStudioVersion = 10.0.40219.1
Project("{9A19103F-16F7-4668-BE54-9A1E7A4F7556}") = "InventoryCounter", "InventoryCounter\InventoryCounter.csproj", "{E2932E12-E5E8-4765-B7DE-AA390E6F9FDA}"
EndProject
Project("{9A19103F-16F7-4668-BE54-9A1E7A4F7556}") = "InventoryTest", "InventoryTest\InventoryTest.csproj", "{FF232C2A-88B7-4F7B-B1C6-5EA64770077D}"
EndProject
Global
	GlobalSection(SolutionConfigurationPlatforms) = preSolution
		Debug|Any CPU = Debug|Any CPU
		Release|Any CPU = Release|Any CPU
	EndGlobalSection
	GlobalSection(ProjectConfigurationPlatforms) = postSolution
		{E2932E12-E5E8-4765-B7DE-AA390E6F9FDA}.Debug|Any CPU.ActiveCfg = Debug|Any CPU
		{E2932E12-E5E8-4765-B7DE-AA390E6F9FDA}.Debug|Any CPU.Build.0 = Debug|Any CPU
		{E2932E12-E5E8-4765-B7DE-AA390E6F9FDA}.Release|Any CPU.ActiveCfg = Release|Any CPU
		{E2932E12-E5E8-4765-B7DE-AA390E6F9FDA}.Release|Any CPU.Build.0 = Release|Any CPU
		{FF232C2A-88B7-4F7B-B1C6-5EA64770077D}.Debug|Any CPU.ActiveCfg = Debug|Any CPU
		{FF232C2A-88B7-4F7B-B1C6-5EA64770077D}.Debug|Any CPU.Build.0 = Debug|Any CPU
		{FF232C2A-88B7-4F7B-B1C6-5EA64770077D}.Release|Any CPU.ActiveCfg = Release|Any CPU
		{FF232C2A-88B7-4F7B-B1C6-5EA64770077D}.Release|Any CPU.Build.0 = Release|Any CPU
	EndGlobalSection
	GlobalSection(SolutionProperties) = preSolution
		HideSolutionNode = FALSE
	EndGlobalSection
	GlobalSection(ExtensibilityGlobals) = postSolution
		SolutionGuid = {14A7E21B-17C5-400C-A31F-FFC04163F3BF}
	EndGlobalSection
EndGlobal
